
Microsoft Visual Studio Solution File, Format Version 12.00
# Visual Studio Version 17
VisualStudioVersion = 17.8.34525.116
MinimumVisualStudioVersion = 10.0.40219.1
Project("{FAE04EC0-301F-11D3-BF4B-00C04F79EFBC}") = "Ballers.App", "Ballers.App\Ballers.App.csproj", "{5BD85B13-603B-4E0F-99BD-08AB37C4A8ED}"
EndProject
Global
	GlobalSection(SolutionConfigurationPlatforms) = preSolution
		Debug|Any CPU = Debug|Any CPU
		Release|Any CPU = Release|Any CPU
	EndGlobalSection
	GlobalSection(ProjectConfigurationPlatforms) = postSolution
		{5BD85B13-603B-4E0F-99BD-08AB37C4A8ED}.Debug|Any CPU.ActiveCfg = Debug|Any CPU
		{5BD85B13-603B-4E0F-99BD-08AB37C4A8ED}.Debug|Any CPU.Build.0 = Debug|Any CPU
		{5BD85B13-603B-4E0F-99BD-08AB37C4A8ED}.Release|Any CPU.ActiveCfg = Release|Any CPU
		{5BD85B13-603B-4E0F-99BD-08AB37C4A8ED}.Release|Any CPU.Build.0 = Release|Any CPU
	EndGlobalSection
	GlobalSection(SolutionProperties) = preSolution
		HideSolutionNode = FALSE
	EndGlobalSection
	GlobalSection(ExtensibilityGlobals) = postSolution
		SolutionGuid = {554AF91E-E948-486A-8599-2308AEA352DB}
	EndGlobalSection
EndGlobal
